// !$*UTF8*$!
{
	archiveVersion = 1;
	classes = {
	};
	objectVersion = 77;
	objects = {

/* Begin PBXBuildFile section */
		AA0000000000000000000007 /* GoogleSignIn in Frameworks */ = {isa = PBXBuildFile; productRef = AA0000000000000000000006 /* GoogleSignIn */; };
		AA0000000000000000000002 /* GoogleIntegrationServices.swift in Sources */ = {isa = PBXBuildFile; fileRef = AA0000000000000000000001 /* GoogleIntegrationServices.swift */; };
		AA0000000000000000000004 /* GoogleIntegrationTests.swift in Sources */ = {isa = PBXBuildFile; fileRef = AA0000000000000000000003 /* GoogleIntegrationTests.swift */; };
		012EE94B2AFBBD21B28D7B8B /* PhoneNumberKit in Frameworks */ = {isa = PBXBuildFile; productRef = 8542197AFEB53E4A4E7831F4 /* PhoneNumberKit */; };
		0B0C5B29C0F6109AC85CF10E /* PlansSnapshotTests.swift in Sources */ = {isa = PBXBuildFile; fileRef = 6917566F50ECFA4832D4C36A /* PlansSnapshotTests.swift */; };
		0BB5D6B7640596C1CDB85941 /* ColombaDesign in Frameworks */ = {isa = PBXBuildFile; productRef = 37CC4DF457DDB92F64295051 /* ColombaDesign */; };
		0D6C75287EBFCBE50C9E4737 /* AppRouter.swift in Sources */ = {isa = PBXBuildFile; fileRef = 6261245D60A8DCFB9C16774E /* AppRouter.swift */; };
		0F7C18E31AA127D58C5FF763 /* ReservationServiceTests.swift in Sources */ = {isa = PBXBuildFile; fileRef = 67CD85AAD7336C8A837A25CD /* ReservationServiceTests.swift */; };
		1141D2EF9FA7571A54A4D7DB /* ColombaBilling in Frameworks */ = {isa = PBXBuildFile; productRef = 89D8608146065A8BF5DFC08A /* ColombaBilling */; };
		11E46E940B379448F1943666 /* PaywallViewModel.swift in Sources */ = {isa = PBXBuildFile; fileRef = C25819DE27A8B0345505253B /* PaywallViewModel.swift */; };
		16D493523C79473E67B361FC /* PaywallView.swift in Sources */ = {isa = PBXBuildFile; fileRef = 51A308E03ACA3993B0FD4297 /* PaywallView.swift */; };
		192234616D23A2A3D7CBF0F5 /* PlansListView.swift in Sources */ = {isa = PBXBuildFile; fileRef = DBAFA86210D4DD668E37A24F /* PlansListView.swift */; };
		1A7E8E7798747B073B7BFCCC /* OnboardingViewModel.swift in Sources */ = {isa = PBXBuildFile; fileRef = C7CEDC3B58608C93A1799D9E /* OnboardingViewModel.swift */; };
		21A0A98661B40EFEF8BD04A3 /* UsageCache.swift in Sources */ = {isa = PBXBuildFile; fileRef = F85991E6CD00298AB0B7C0E7 /* UsageCache.swift */; };
		2487BC440BA568B78379EC33 /* ReservationFormView.swift in Sources */ = {isa = PBXBuildFile; fileRef = 27830F05946E3A6E0EC8F351 /* ReservationFormView.swift */; };
		24BA40E9F52BBBA6BFD637AC /* HeidiChatView.swift in Sources */ = {isa = PBXBuildFile; fileRef = FB666C951B517966380ACFD3 /* HeidiChatView.swift */; };
		25A1179932F366547B55693F /* ColombaCore in Frameworks */ = {isa = PBXBuildFile; productRef = B768EBF2BC474A93E9CDE877 /* ColombaCore */; };
		271C8E03A8A50D5768614950 /* MessageBubble.swift in Sources */ = {isa = PBXBuildFile; fileRef = 790E47F1CEF1F61A299189AA /* MessageBubble.swift */; };
		2852144735FAAB6C1A78ED33 /* RestaurantCardInChat.swift in Sources */ = {isa = PBXBuildFile; fileRef = 2215D211ED24BA700C91820F /* RestaurantCardInChat.swift */; };
		2BF843889C9A47463A3B62B4 /* PhoneVerifyView.swift in Sources */ = {isa = PBXBuildFile; fileRef = E7611BB92F14FAB53ED5EAA6 /* PhoneVerifyView.swift */; };
		2F9765F69A199CCFCAF08764 /* NotificationsOptInView.swift in Sources */ = {isa = PBXBuildFile; fileRef = 9AD557EB2D06F6EACB96F73E /* NotificationsOptInView.swift */; };
		38B4AFA2276DFEA2F80B2171 /* HTTPReservationClient.swift in Sources */ = {isa = PBXBuildFile; fileRef = 90B75FD265B78B4AD709F8FD /* HTTPReservationClient.swift */; };
		3A1E200D6224B03D16E0A286 /* OnboardingCopy.swift in Sources */ = {isa = PBXBuildFile; fileRef = 5375F2AA7B3CFDE561CF573A /* OnboardingCopy.swift */; };
		3B2F4848F39D5C32F51DD3B0 /* OnboardingViewModelTests.swift in Sources */ = {isa = PBXBuildFile; fileRef = 52BF1097506CEE75C1F1855B /* OnboardingViewModelTests.swift */; };
		3CD07E4046AE1DFCE250C957 /* AuthGateView.swift in Sources */ = {isa = PBXBuildFile; fileRef = DCD6452571FC87236B0BE272 /* AuthGateView.swift */; };
		3EB460CEB1FD73DEDFFC4361 /* ColombaCustomerApp.swift in Sources */ = {isa = PBXBuildFile; fileRef = CF5C1FBE5E43CF0CE4962F03 /* ColombaCustomerApp.swift */; };
		3F7CC2FD2900A9DAF2349084 /* RootView.swift in Sources */ = {isa = PBXBuildFile; fileRef = 159C8B476F0E58A50B5CE76E /* RootView.swift */; };
		46B04B556AE3C67EE092C630 /* ChatInputBar.swift in Sources */ = {isa = PBXBuildFile; fileRef = E9336AFB5D43606D0EFEE396 /* ChatInputBar.swift */; };
		48FE7058FF9CA076E315875E /* OnboardingContainerView.swift in Sources */ = {isa = PBXBuildFile; fileRef = F7118839EED2490DD552C3A4 /* OnboardingContainerView.swift */; };
		4C0ECAD0E9D24194C036D167 /* SMSVerifyServiceProtocol.swift in Sources */ = {isa = PBXBuildFile; fileRef = 4E631D1EC11C5FE53AE4AC15 /* SMSVerifyServiceProtocol.swift */; };
		4FBF548F4E18D1A041E021D3 /* PortalSessionService.swift in Sources */ = {isa = PBXBuildFile; fileRef = 7658B7507DB883CB2C3F0550 /* PortalSessionService.swift */; };
		513812B48225A70C354E88A8 /* ReservationConfirmView.swift in Sources */ = {isa = PBXBuildFile; fileRef = ABA1C0C5E65FC39EAF665605 /* ReservationConfirmView.swift */; };
		5609700205D89092D3980FC0 /* TwilioSMSVerifyClient.swift in Sources */ = {isa = PBXBuildFile; fileRef = 09E1DEA4DA9188A6C4285764 /* TwilioSMSVerifyClient.swift */; };
		56197AB5EBAAA001BCE54159 /* Localizable.strings in Resources */ = {isa = PBXBuildFile; fileRef = A06D38D85B360BAE9354B105 /* Localizable.strings */; };
		58CBB99D5B3AFF2F0DDCF173 /* PrivacyInfo.xcprivacy in Resources */ = {isa = PBXBuildFile; fileRef = 5F41396385C9E8A96C83C8CB /* PrivacyInfo.xcprivacy */; };
		596BB3E32D94EFB3FD72DA25 /* ColombaNetworking in Frameworks */ = {isa = PBXBuildFile; productRef = 6765EBBDF7953544D2ACD496 /* ColombaNetworking */; };
		5ABE53A5213CD86ED62103F9 /* SignedOutAuthView.swift in Sources */ = {isa = PBXBuildFile; fileRef = EFC833D199608357885074F1 /* SignedOutAuthView.swift */; };
		64061884188F665F901F07E2 /* AuthenticatedHomeView.swift in Sources */ = {isa = PBXBuildFile; fileRef = EFD0CA16AC3A7BE5397AFA97 /* AuthenticatedHomeView.swift */; };
		6CB4FE8AAC1057B02DB50671 /* ReservationViewModel.swift in Sources */ = {isa = PBXBuildFile; fileRef = 69D9E44525A8A9D4C502D2BC /* ReservationViewModel.swift */; };
		6DE43FFA15CE4ECF7372501E /* LanguagePickerView.swift in Sources */ = {isa = PBXBuildFile; fileRef = 59F12A3E12067212E60B5A8B /* LanguagePickerView.swift */; };
		7070FA5F5719194BF195B1A8 /* ReservationServiceProtocol.swift in Sources */ = {isa = PBXBuildFile; fileRef = D9097DC799895321F8586741 /* ReservationServiceProtocol.swift */; };
		779D03D2AF6281A113850B3E /* L10nKeysTests.swift in Sources */ = {isa = PBXBuildFile; fileRef = 6782E7FA643C38F23D6B009D /* L10nKeysTests.swift */; };
		7E0790D6FFA5C7EB9E2B17E8 /* ColombaAuth in Frameworks */ = {isa = PBXBuildFile; productRef = 015730E5242C31325C0EC6F2 /* ColombaAuth */; };
		8309229D5383B05AB7132503 /* PhoneVerifyViewModelTests.swift in Sources */ = {isa = PBXBuildFile; fileRef = 0027DF6ACC24BE3A499F8001 /* PhoneVerifyViewModelTests.swift */; };
		8710BAEABE6A2B19DD772432 /* PortalSessionServiceTests.swift in Sources */ = {isa = PBXBuildFile; fileRef = FBA4B9AA4DA67D0344C60D05 /* PortalSessionServiceTests.swift */; };
		8A001ED13FAB46AFB24CACF8 /* PaywallStateMachine.swift in Sources */ = {isa = PBXBuildFile; fileRef = 3F08485124F3F7569FFE7B98 /* PaywallStateMachine.swift */; };
		931A14351A4AA2C9424D48A2 /* HeidiService.swift in Sources */ = {isa = PBXBuildFile; fileRef = E7152A267D990B8F6E00E16F /* HeidiService.swift */; };
		954BA11475379FE1323642A4 /* BookingConfirmationCard.swift in Sources */ = {isa = PBXBuildFile; fileRef = 489B8E042FF750D2EC23914E /* BookingConfirmationCard.swift */; };
		955C48E02C7F3EAB3EA0D56C /* SMSVerifyService.swift in Sources */ = {isa = PBXBuildFile; fileRef = D4F3CF458951EB1974F38B9E /* SMSVerifyService.swift */; };
		9630E462FCD3A9FA913A67F7 /* UsageViewModel.swift in Sources */ = {isa = PBXBuildFile; fileRef = 519F02BBB3F8CA4DBEA53B6D /* UsageViewModel.swift */; };
		9861CF9A9E7030B7CE2ACC12 /* RestaurantDetailView.swift in Sources */ = {isa = PBXBuildFile; fileRef = 2B3A82583B968FE75652993F /* RestaurantDetailView.swift */; };
		A40285D205A5266CA27C0D72 /* ReservationService.swift in Sources */ = {isa = PBXBuildFile; fileRef = 2810FBAE4D10652F3CEF39F1 /* ReservationService.swift */; };
		A4BEF2B9265BF80A64B24DFA /* StripePortalCoordinator.swift in Sources */ = {isa = PBXBuildFile; fileRef = 1C10C1A05B15F533667B384C /* StripePortalCoordinator.swift */; };
		A9187E85E8D761689958E0EB /* ReservationViewModelTests.swift in Sources */ = {isa = PBXBuildFile; fileRef = 43342F23DEA2C4DB6C90A3C8 /* ReservationViewModelTests.swift */; };
		A95B9BCA02D76A4E87483425 /* UsageView.swift in Sources */ = {isa = PBXBuildFile; fileRef = 640D1F885514AA42F5FAF3E1 /* UsageView.swift */; };
		AC5BB2F5FE25E2EC7220EC82 /* UsageSummaryRow.swift in Sources */ = {isa = PBXBuildFile; fileRef = 3B390C1F276C1FF68703D680 /* UsageSummaryRow.swift */; };
		AE3859BB8246B74854C2452A /* PlansRepository.swift in Sources */ = {isa = PBXBuildFile; fileRef = 96ED09A41FD3344CEECCD447 /* PlansRepository.swift */; };
		AE972C7C744AFE9082AD66B5 /* UsageCacheTests.swift in Sources */ = {isa = PBXBuildFile; fileRef = 30F30CFBB06472E4826E1ED9 /* UsageCacheTests.swift */; };
		B6F86DD1FB28FFEDA5E6CF73 /* AuthRootHost.swift in Sources */ = {isa = PBXBuildFile; fileRef = 266C69860D471188D23A0775 /* AuthRootHost.swift */; };
		B86248BF956AB23C60D7A279 /* RestaurantListView.swift in Sources */ = {isa = PBXBuildFile; fileRef = CAAE65D452BA9FD5EB85CA65 /* RestaurantListView.swift */; };
		B9AFFE57C21FB35FED3E7369 /* ProfileEditViewModelTests.swift in Sources */ = {isa = PBXBuildFile; fileRef = 654B0FDE5DE0EECC86BB4D5E /* ProfileEditViewModelTests.swift */; };
		B9FFC3EA638B97A3823F8D0E /* UsageViewModelTests.swift in Sources */ = {isa = PBXBuildFile; fileRef = BB7A341412350F4E7C5AAD53 /* UsageViewModelTests.swift */; };
		BACA62F836BA72A38BE40BCD /* HeidiServiceProtocol.swift in Sources */ = {isa = PBXBuildFile; fileRef = E008248AFDEAC2681F875CAC /* HeidiServiceProtocol.swift */; };
		BD07D5DE38064365D51B809E /* PhoneNumberKit in Frameworks */ = {isa = PBXBuildFile; productRef = F0E15FB09FC1C1C017AD9CBA /* PhoneNumberKit */; };
		C080E7312A110725AA56D5E7 /* SettingsView.swift in Sources */ = {isa = PBXBuildFile; fileRef = 3EF5A27AAF4F72FCBEB6813C /* SettingsView.swift */; };
		C273ECD880E060F8EC505EF5 /* MyReservationDetailView.swift in Sources */ = {isa = PBXBuildFile; fileRef = 242C9FB6CAC53B1EC4284A84 /* MyReservationDetailView.swift */; };
		C41F60C860CF1FBFF5A6068B /* HeidiChatViewModel.swift in Sources */ = {isa = PBXBuildFile; fileRef = 64739038397B3AFF9C3F9A08 /* HeidiChatViewModel.swift */; };
		C88BEDCCB86C02AFA804BBB8 /* Profile.strings in Resources */ = {isa = PBXBuildFile; fileRef = 1F20CB1D0A3A3A7953293DB0 /* Profile.strings */; };
		CAFBC43F3525DABFB1786F8A /* PlansViewModelTests.swift in Sources */ = {isa = PBXBuildFile; fileRef = 7A0C6BDFDFE8C2C342F02AE5 /* PlansViewModelTests.swift */; };
		CC97386D38F95A4723C7072E /* WelcomeView.swift in Sources */ = {isa = PBXBuildFile; fileRef = E4393AAF93ED78B9E3E97E9F /* WelcomeView.swift */; };
		D6787A5481A31BF135AAC020 /* AppLanguage.swift in Sources */ = {isa = PBXBuildFile; fileRef = 30F9E37749AB067AA99018B4 /* AppLanguage.swift */; };
		D994BE8A4F89233BDE9901CD /* PlansViewModel.swift in Sources */ = {isa = PBXBuildFile; fileRef = E50959FBD9108A8E3CCF674B /* PlansViewModel.swift */; };
		E01E168056492D5A09213698 /* PlansDetailView.swift in Sources */ = {isa = PBXBuildFile; fileRef = 612C47FD13E865716138DEA1 /* PlansDetailView.swift */; };
		E1E5071AEA7D7369691BE52A /* Assets.xcassets in Resources */ = {isa = PBXBuildFile; fileRef = B2BD4ED171816B1EE6A89B09 /* Assets.xcassets */; };
		E4CA3336D14BEDAD482E7270 /* ColombaNetworking in Frameworks */ = {isa = PBXBuildFile; productRef = 74B77B1C81F3748A3C371D25 /* ColombaNetworking */; };
		E554736D7287D8ABE09A4BF8 /* OTPInputView.swift in Sources */ = {isa = PBXBuildFile; fileRef = D725E1A5B7BFADB903F96EAB /* OTPInputView.swift */; };
		E6BB5F5AC84B11F0C4F1DB4D /* MockReservationClient.swift in Sources */ = {isa = PBXBuildFile; fileRef = D2AEB4360FF51E9122D7262B /* MockReservationClient.swift */; };
		F0067856EC0B04AE1D1D9F2E /* MyReservationsViewModelTests.swift in Sources */ = {isa = PBXBuildFile; fileRef = E67529021DC8EF3E1045CAA0 /* MyReservationsViewModelTests.swift */; };
		F11B0C531B12C071F068A3FA /* OnboardingStep.swift in Sources */ = {isa = PBXBuildFile; fileRef = 567F1B3C05822DC1FF6F681E /* OnboardingStep.swift */; };
		F26308C05CE9D72FF945A794 /* MyReservationsView.swift in Sources */ = {isa = PBXBuildFile; fileRef = FAB7D42ACD2E0C58B679FC23 /* MyReservationsView.swift */; };
		F2F720ECCB601F1499169510 /* PhoneVerifyViewModel.swift in Sources */ = {isa = PBXBuildFile; fileRef = 3A348C7A72860162F5A05B9B /* PhoneVerifyViewModel.swift */; };
		F30717457C7532B0DB890D8F /* SMSVerifyServiceTests.swift in Sources */ = {isa = PBXBuildFile; fileRef = E09F4E901666727709C945FD /* SMSVerifyServiceTests.swift */; };
		F3313BC579B71A9EE06D2219 /* MyReservationsViewModel.swift in Sources */ = {isa = PBXBuildFile; fileRef = 8B28DA0BC40E755DEFF54CA7 /* MyReservationsViewModel.swift */; };
		F9DD3114D0FC6D27B90FA45D /* ColombaBilling in Frameworks */ = {isa = PBXBuildFile; productRef = D4D0F5D6BC5827A6ED7A31BA /* ColombaBilling */; };
		FEF90F5F065A4F2162A728AA /* HeidiChatViewModelTests.swift in Sources */ = {isa = PBXBuildFile; fileRef = 5A1E850D29C95A2608B27B12 /* HeidiChatViewModelTests.swift */; };
		AA1600000000000000000002 /* WorkspaceStoreTests.swift in Sources */ = {isa = PBXBuildFile; fileRef = AA1600000000000000000001 /* WorkspaceStoreTests.swift */; };
/* End PBXBuildFile section */

/* Begin PBXContainerItemProxy section */
		53D40CAB97B7F7C3CD093C34 /* PBXContainerItemProxy */ = {
			isa = PBXContainerItemProxy;
			containerPortal = F0B94A94FCB6240A663663A3 /* Project object */;
			proxyType = 1;
			remoteGlobalIDString = CF782245BD982363A47A68C3;
			remoteInfo = ColombaCustomer;
		};
/* End PBXContainerItemProxy section */

/* Begin PBXFileReference section */
		AA0000000000000000000001 /* GoogleIntegrationServices.swift */ = {isa = PBXFileReference; lastKnownFileType = sourcecode.swift; path = GoogleIntegrationServices.swift; sourceTree = "<group>"; };
		AA0000000000000000000003 /* GoogleIntegrationTests.swift */ = {isa = PBXFileReference; lastKnownFileType = sourcecode.swift; path = GoogleIntegrationTests.swift; sourceTree = "<group>"; };
		0027DF6ACC24BE3A499F8001 /* PhoneVerifyViewModelTests.swift */ = {isa = PBXFileReference; lastKnownFileType = sourcecode.swift; path = PhoneVerifyViewModelTests.swift; sourceTree = "<group>"; };
		0686D2C343EF44037655077A /* it-CH */ = {isa = PBXFileReference; lastKnownFileType = text.plist.strings; name = "it-CH"; path = "it-CH.lproj/Localizable.strings"; sourceTree = "<group>"; };
		07AEB8CB3AF60AA3F1410ECE /* ColombaCustomer.entitlements */ = {isa = PBXFileReference; lastKnownFileType = text.plist.entitlements; path = ColombaCustomer.entitlements; sourceTree = "<group>"; };
		09B0A5ADCC319D8C0432462A /* PlanFeature */ = {isa = PBXFileReference; lastKnownFileType = folder; name = PlanFeature; path = Packages/Features/PlanFeature; sourceTree = SOURCE_ROOT; };
		09E1DEA4DA9188A6C4285764 /* TwilioSMSVerifyClient.swift */ = {isa = PBXFileReference; lastKnownFileType = sourcecode.swift; path = TwilioSMSVerifyClient.swift; sourceTree = "<group>"; };
		130E0989CAB8544F2CF00003 /* ColombaCustomer.app */ = {isa = PBXFileReference; includeInIndex = 0; lastKnownFileType = wrapper.application; path = ColombaCustomer.app; sourceTree = BUILT_PRODUCTS_DIR; };
		159C8B476F0E58A50B5CE76E /* RootView.swift */ = {isa = PBXFileReference; lastKnownFileType = sourcecode.swift; path = RootView.swift; sourceTree = "<group>"; };
		1C10C1A05B15F533667B384C /* StripePortalCoordinator.swift */ = {isa = PBXFileReference; lastKnownFileType = sourcecode.swift; path = StripePortalCoordinator.swift; sourceTree = "<group>"; };
		2215D211ED24BA700C91820F /* RestaurantCardInChat.swift */ = {isa = PBXFileReference; lastKnownFileType = sourcecode.swift; path = RestaurantCardInChat.swift; sourceTree = "<group>"; };
		242C9FB6CAC53B1EC4284A84 /* MyReservationDetailView.swift */ = {isa = PBXFileReference; lastKnownFileType = sourcecode.swift; path = MyReservationDetailView.swift; sourceTree = "<group>"; };
		266C69860D471188D23A0775 /* AuthRootHost.swift */ = {isa = PBXFileReference; lastKnownFileType = sourcecode.swift; path = AuthRootHost.swift; sourceTree = "<group>"; };
		27830F05946E3A6E0EC8F351 /* ReservationFormView.swift */ = {isa = PBXFileReference; lastKnownFileType = sourcecode.swift; path = ReservationFormView.swift; sourceTree = "<group>"; };
		2810FBAE4D10652F3CEF39F1 /* ReservationService.swift */ = {isa = PBXFileReference; lastKnownFileType = sourcecode.swift; path = ReservationService.swift; sourceTree = "<group>"; };
		28842A549C503A33FE6901B8 /* fr-CH */ = {isa = PBXFileReference; lastKnownFileType = text.plist.strings; name = "fr-CH"; path = "fr-CH.lproj/Localizable.strings"; sourceTree = "<group>"; };
		2B3A82583B968FE75652993F /* RestaurantDetailView.swift */ = {isa = PBXFileReference; lastKnownFileType = sourcecode.swift; path = RestaurantDetailView.swift; sourceTree = "<group>"; };
		2CBC739524FCF2C0C5B12CDF /* ColombaCore */ = {isa = PBXFileReference; lastKnownFileType = folder; name = ColombaCore; path = Packages/ColombaCore; sourceTree = SOURCE_ROOT; };
		30F30CFBB06472E4826E1ED9 /* UsageCacheTests.swift */ = {isa = PBXFileReference; lastKnownFileType = sourcecode.swift; path = UsageCacheTests.swift; sourceTree = "<group>"; };
		30F9E37749AB067AA99018B4 /* AppLanguage.swift */ = {isa = PBXFileReference; lastKnownFileType = sourcecode.swift; path = AppLanguage.swift; sourceTree = "<group>"; };
		3A11F03EF2B262C7CFF81565 /* Info.plist */ = {isa = PBXFileReference; lastKnownFileType = text.plist; path = Info.plist; sourceTree = "<group>"; };
		3A348C7A72860162F5A05B9B /* PhoneVerifyViewModel.swift */ = {isa = PBXFileReference; lastKnownFileType = sourcecode.swift; path = PhoneVerifyViewModel.swift; sourceTree = "<group>"; };
		3B390C1F276C1FF68703D680 /* UsageSummaryRow.swift */ = {isa = PBXFileReference; lastKnownFileType = sourcecode.swift; path = UsageSummaryRow.swift; sourceTree = "<group>"; };
		3EF5A27AAF4F72FCBEB6813C /* SettingsView.swift */ = {isa = PBXFileReference; lastKnownFileType = sourcecode.swift; path = SettingsView.swift; sourceTree = "<group>"; };
		3F08485124F3F7569FFE7B98 /* PaywallStateMachine.swift */ = {isa = PBXFileReference; lastKnownFileType = sourcecode.swift; path = PaywallStateMachine.swift; sourceTree = "<group>"; };
		41B9A26F11A35B56D7F09E2A /* de-CH */ = {isa = PBXFileReference; lastKnownFileType = text.plist.strings; name = "de-CH"; path = "de-CH.lproj/Localizable.strings"; sourceTree = "<group>"; };
		43342F23DEA2C4DB6C90A3C8 /* ReservationViewModelTests.swift */ = {isa = PBXFileReference; lastKnownFileType = sourcecode.swift; path = ReservationViewModelTests.swift; sourceTree = "<group>"; };
		4505C990521429802543EFD6 /* ScheduledChangeFeature */ = {isa = PBXFileReference; lastKnownFileType = folder; name = ScheduledChangeFeature; path = Packages/Features/ScheduledChangeFeature; sourceTree = SOURCE_ROOT; };
		489B8E042FF750D2EC23914E /* BookingConfirmationCard.swift */ = {isa = PBXFileReference; lastKnownFileType = sourcecode.swift; path = BookingConfirmationCard.swift; sourceTree = "<group>"; };
		4DAFBA8CB9CB0B208A9DA85D /* en */ = {isa = PBXFileReference; lastKnownFileType = text.plist.strings; name = en; path = en.lproj/Localizable.strings; sourceTree = "<group>"; };
		4E631D1EC11C5FE53AE4AC15 /* SMSVerifyServiceProtocol.swift */ = {isa = PBXFileReference; lastKnownFileType = sourcecode.swift; path = SMSVerifyServiceProtocol.swift; sourceTree = "<group>"; };
		519F02BBB3F8CA4DBEA53B6D /* UsageViewModel.swift */ = {isa = PBXFileReference; lastKnownFileType = sourcecode.swift; path = UsageViewModel.swift; sourceTree = "<group>"; };
		51A308E03ACA3993B0FD4297 /* PaywallView.swift */ = {isa = PBXFileReference; lastKnownFileType = sourcecode.swift; path = PaywallView.swift; sourceTree = "<group>"; };
		52BF1097506CEE75C1F1855B /* OnboardingViewModelTests.swift */ = {isa = PBXFileReference; lastKnownFileType = sourcecode.swift; path = OnboardingViewModelTests.swift; sourceTree = "<group>"; };
		5375F2AA7B3CFDE561CF573A /* OnboardingCopy.swift */ = {isa = PBXFileReference; lastKnownFileType = sourcecode.swift; path = OnboardingCopy.swift; sourceTree = "<group>"; };
		567F1B3C05822DC1FF6F681E /* OnboardingStep.swift */ = {isa = PBXFileReference; lastKnownFileType = sourcecode.swift; path = OnboardingStep.swift; sourceTree = "<group>"; };
		59F0575575B4E2F2814BED85 /* ColombaDesign */ = {isa = PBXFileReference; lastKnownFileType = folder; name = ColombaDesign; path = Packages/ColombaDesign; sourceTree = SOURCE_ROOT; };
		59F12A3E12067212E60B5A8B /* LanguagePickerView.swift */ = {isa = PBXFileReference; lastKnownFileType = sourcecode.swift; path = LanguagePickerView.swift; sourceTree = "<group>"; };
		5A1E850D29C95A2608B27B12 /* HeidiChatViewModelTests.swift */ = {isa = PBXFileReference; lastKnownFileType = sourcecode.swift; path = HeidiChatViewModelTests.swift; sourceTree = "<group>"; };
		5F41396385C9E8A96C83C8CB /* PrivacyInfo.xcprivacy */ = {isa = PBXFileReference; path = PrivacyInfo.xcprivacy; sourceTree = "<group>"; };
		612C47FD13E865716138DEA1 /* PlansDetailView.swift */ = {isa = PBXFileReference; lastKnownFileType = sourcecode.swift; path = PlansDetailView.swift; sourceTree = "<group>"; };
		61A54F10E39CEA3D4F26B833 /* UsageFeature */ = {isa = PBXFileReference; lastKnownFileType = folder; name = UsageFeature; path = Packages/Features/UsageFeature; sourceTree = SOURCE_ROOT; };
		6261245D60A8DCFB9C16774E /* AppRouter.swift */ = {isa = PBXFileReference; lastKnownFileType = sourcecode.swift; path = AppRouter.swift; sourceTree = "<group>"; };
		640D1F885514AA42F5FAF3E1 /* UsageView.swift */ = {isa = PBXFileReference; lastKnownFileType = sourcecode.swift; path = UsageView.swift; sourceTree = "<group>"; };
		64739038397B3AFF9C3F9A08 /* HeidiChatViewModel.swift */ = {isa = PBXFileReference; lastKnownFileType = sourcecode.swift; path = HeidiChatViewModel.swift; sourceTree = "<group>"; };
		654B0FDE5DE0EECC86BB4D5E /* ProfileEditViewModelTests.swift */ = {isa = PBXFileReference; lastKnownFileType = sourcecode.swift; path = ProfileEditViewModelTests.swift; sourceTree = "<group>"; };
		6782E7FA643C38F23D6B009D /* L10nKeysTests.swift */ = {isa = PBXFileReference; lastKnownFileType = sourcecode.swift; path = L10nKeysTests.swift; sourceTree = "<group>"; };
		67CD85AAD7336C8A837A25CD /* ReservationServiceTests.swift */ = {isa = PBXFileReference; lastKnownFileType = sourcecode.swift; path = ReservationServiceTests.swift; sourceTree = "<group>"; };
		6917566F50ECFA4832D4C36A /* PlansSnapshotTests.swift */ = {isa = PBXFileReference; lastKnownFileType = sourcecode.swift; path = PlansSnapshotTests.swift; sourceTree = "<group>"; };
		69D9E44525A8A9D4C502D2BC /* ReservationViewModel.swift */ = {isa = PBXFileReference; lastKnownFileType = sourcecode.swift; path = ReservationViewModel.swift; sourceTree = "<group>"; };
		7658B7507DB883CB2C3F0550 /* PortalSessionService.swift */ = {isa = PBXFileReference; lastKnownFileType = sourcecode.swift; path = PortalSessionService.swift; sourceTree = "<group>"; };
		790E47F1CEF1F61A299189AA /* MessageBubble.swift */ = {isa = PBXFileReference; lastKnownFileType = sourcecode.swift; path = MessageBubble.swift; sourceTree = "<group>"; };
		7A0C6BDFDFE8C2C342F02AE5 /* PlansViewModelTests.swift */ = {isa = PBXFileReference; lastKnownFileType = sourcecode.swift; path = PlansViewModelTests.swift; sourceTree = "<group>"; };
		7DF110F29C4067159262A9CA /* ColombaCustomerTests.xctest */ = {isa = PBXFileReference; includeInIndex = 0; lastKnownFileType = wrapper.cfbundle; path = ColombaCustomerTests.xctest; sourceTree = BUILT_PRODUCTS_DIR; };
		7FE5959A2DF501C3992E988C /* ColombaNetworking */ = {isa = PBXFileReference; lastKnownFileType = folder; name = ColombaNetworking; path = Packages/ColombaNetworking; sourceTree = SOURCE_ROOT; };
		875FCDDD70BEAE3884A1A600 /* InvoicesFeature */ = {isa = PBXFileReference; lastKnownFileType = folder; name = InvoicesFeature; path = Packages/Features/InvoicesFeature; sourceTree = SOURCE_ROOT; };
		87B759BB613BA1BC22532DB1 /* it-CH */ = {isa = PBXFileReference; lastKnownFileType = text.plist.strings; name = "it-CH"; path = "it-CH.lproj/Profile.strings"; sourceTree = "<group>"; };
		8B28DA0BC40E755DEFF54CA7 /* MyReservationsViewModel.swift */ = {isa = PBXFileReference; lastKnownFileType = sourcecode.swift; path = MyReservationsViewModel.swift; sourceTree = "<group>"; };
		90B75FD265B78B4AD709F8FD /* HTTPReservationClient.swift */ = {isa = PBXFileReference; lastKnownFileType = sourcecode.swift; path = HTTPReservationClient.swift; sourceTree = "<group>"; };
		9336D512F92F1F031EBE181C /* de-CH */ = {isa = PBXFileReference; lastKnownFileType = text.plist.strings; name = "de-CH"; path = "de-CH.lproj/Profile.strings"; sourceTree = "<group>"; };
		96ED09A41FD3344CEECCD447 /* PlansRepository.swift */ = {isa = PBXFileReference; lastKnownFileType = sourcecode.swift; path = PlansRepository.swift; sourceTree = "<group>"; };
		9AD557EB2D06F6EACB96F73E /* NotificationsOptInView.swift */ = {isa = PBXFileReference; lastKnownFileType = sourcecode.swift; path = NotificationsOptInView.swift; sourceTree = "<group>"; };
		A03077D975A760D40153AFBD /* ColombaBilling */ = {isa = PBXFileReference; lastKnownFileType = folder; name = ColombaBilling; path = Packages/ColombaBilling; sourceTree = SOURCE_ROOT; };
		ABA1C0C5E65FC39EAF665605 /* ReservationConfirmView.swift */ = {isa = PBXFileReference; lastKnownFileType = sourcecode.swift; path = ReservationConfirmView.swift; sourceTree = "<group>"; };
		AC98B8F5890A2B0B3EA105F3 /* en */ = {isa = PBXFileReference; lastKnownFileType = text.plist.strings; name = en; path = en.lproj/Profile.strings; sourceTree = "<group>"; };
		B2BD4ED171816B1EE6A89B09 /* Assets.xcassets */ = {isa = PBXFileReference; lastKnownFileType = folder.assetcatalog; path = Assets.xcassets; sourceTree = "<group>"; };
		B5D7E8D21CCB32E5A56AF62E /* ColombaAuth */ = {isa = PBXFileReference; lastKnownFileType = folder; name = ColombaAuth; path = Packages/ColombaAuth; sourceTree = SOURCE_ROOT; };
		BB7A341412350F4E7C5AAD53 /* UsageViewModelTests.swift */ = {isa = PBXFileReference; lastKnownFileType = sourcecode.swift; path = UsageViewModelTests.swift; sourceTree = "<group>"; };
		BD754C973B08B692898892D4 /* AccountFeature */ = {isa = PBXFileReference; lastKnownFileType = folder; name = AccountFeature; path = Packages/Features/AccountFeature; sourceTree = SOURCE_ROOT; };
		C25819DE27A8B0345505253B /* PaywallViewModel.swift */ = {isa = PBXFileReference; lastKnownFileType = sourcecode.swift; path = PaywallViewModel.swift; sourceTree = "<group>"; };
		C7CEDC3B58608C93A1799D9E /* OnboardingViewModel.swift */ = {isa = PBXFileReference; lastKnownFileType = sourcecode.swift; path = OnboardingViewModel.swift; sourceTree = "<group>"; };
		CAAE65D452BA9FD5EB85CA65 /* RestaurantListView.swift */ = {isa = PBXFileReference; lastKnownFileType = sourcecode.swift; path = RestaurantListView.swift; sourceTree = "<group>"; };
		CF5C1FBE5E43CF0CE4962F03 /* ColombaCustomerApp.swift */ = {isa = PBXFileReference; lastKnownFileType = sourcecode.swift; path = ColombaCustomerApp.swift; sourceTree = "<group>"; };
		D2AEB4360FF51E9122D7262B /* MockReservationClient.swift */ = {isa = PBXFileReference; lastKnownFileType = sourcecode.swift; path = MockReservationClient.swift; sourceTree = "<group>"; };
		D4F3CF458951EB1974F38B9E /* SMSVerifyService.swift */ = {isa = PBXFileReference; lastKnownFileType = sourcecode.swift; path = SMSVerifyService.swift; sourceTree = "<group>"; };
		D725E1A5B7BFADB903F96EAB /* OTPInputView.swift */ = {isa = PBXFileReference; lastKnownFileType = sourcecode.swift; path = OTPInputView.swift; sourceTree = "<group>"; };
		D9097DC799895321F8586741 /* ReservationServiceProtocol.swift */ = {isa = PBXFileReference; lastKnownFileType = sourcecode.swift; path = ReservationServiceProtocol.swift; sourceTree = "<group>"; };
		DBAFA86210D4DD668E37A24F /* PlansListView.swift */ = {isa = PBXFileReference; lastKnownFileType = sourcecode.swift; path = PlansListView.swift; sourceTree = "<group>"; };
		DCD6452571FC87236B0BE272 /* AuthGateView.swift */ = {isa = PBXFileReference; lastKnownFileType = sourcecode.swift; path = AuthGateView.swift; sourceTree = "<group>"; };
		E008248AFDEAC2681F875CAC /* HeidiServiceProtocol.swift */ = {isa = PBXFileReference; lastKnownFileType = sourcecode.swift; path = HeidiServiceProtocol.swift; sourceTree = "<group>"; };
		E09F4E901666727709C945FD /* SMSVerifyServiceTests.swift */ = {isa = PBXFileReference; lastKnownFileType = sourcecode.swift; path = SMSVerifyServiceTests.swift; sourceTree = "<group>"; };
		E35D74F4BDD745EE0111A7F2 /* TopUpFeature */ = {isa = PBXFileReference; lastKnownFileType = folder; name = TopUpFeature; path = Packages/Features/TopUpFeature; sourceTree = SOURCE_ROOT; };
		E4393AAF93ED78B9E3E97E9F /* WelcomeView.swift */ = {isa = PBXFileReference; lastKnownFileType = sourcecode.swift; path = WelcomeView.swift; sourceTree = "<group>"; };
		E50959FBD9108A8E3CCF674B /* PlansViewModel.swift */ = {isa = PBXFileReference; lastKnownFileType = sourcecode.swift; path = PlansViewModel.swift; sourceTree = "<group>"; };
		E67529021DC8EF3E1045CAA0 /* MyReservationsViewModelTests.swift */ = {isa = PBXFileReference; lastKnownFileType = sourcecode.swift; path = MyReservationsViewModelTests.swift; sourceTree = "<group>"; };
		E7152A267D990B8F6E00E16F /* HeidiService.swift */ = {isa = PBXFileReference; lastKnownFileType = sourcecode.swift; path = HeidiService.swift; sourceTree = "<group>"; };
		E7611BB92F14FAB53ED5EAA6 /* PhoneVerifyView.swift */ = {isa = PBXFileReference; lastKnownFileType = sourcecode.swift; path = PhoneVerifyView.swift; sourceTree = "<group>"; };
		E9336AFB5D43606D0EFEE396 /* ChatInputBar.swift */ = {isa = PBXFileReference; lastKnownFileType = sourcecode.swift; path = ChatInputBar.swift; sourceTree = "<group>"; };
		EE736676D915E7F4E9B11E79 /* fr-CH */ = {isa = PBXFileReference; lastKnownFileType = text.plist.strings; name = "fr-CH"; path = "fr-CH.lproj/Profile.strings"; sourceTree = "<group>"; };
		EFC833D199608357885074F1 /* SignedOutAuthView.swift */ = {isa = PBXFileReference; lastKnownFileType = sourcecode.swift; path = SignedOutAuthView.swift; sourceTree = "<group>"; };
		EFD0CA16AC3A7BE5397AFA97 /* AuthenticatedHomeView.swift */ = {isa = PBXFileReference; lastKnownFileType = sourcecode.swift; path = AuthenticatedHomeView.swift; sourceTree = "<group>"; };
		F7118839EED2490DD552C3A4 /* OnboardingContainerView.swift */ = {isa = PBXFileReference; lastKnownFileType = sourcecode.swift; path = OnboardingContainerView.swift; sourceTree = "<group>"; };
		F85991E6CD00298AB0B7C0E7 /* UsageCache.swift */ = {isa = PBXFileReference; lastKnownFileType = sourcecode.swift; path = UsageCache.swift; sourceTree = "<group>"; };
		FAB7D42ACD2E0C58B679FC23 /* MyReservationsView.swift */ = {isa = PBXFileReference; lastKnownFileType = sourcecode.swift; path = MyReservationsView.swift; sourceTree = "<group>"; };
		FB666C951B517966380ACFD3 /* HeidiChatView.swift */ = {isa = PBXFileReference; lastKnownFileType = sourcecode.swift; path = HeidiChatView.swift; sourceTree = "<group>"; };
		FBA4B9AA4DA67D0344C60D05 /* PortalSessionServiceTests.swift */ = {isa = PBXFileReference; lastKnownFileType = sourcecode.swift; path = PortalSessionServiceTests.swift; sourceTree = "<group>"; };
		FEB554A480235ADEAB707618 /* UpgradeFeature */ = {isa = PBXFileReference; lastKnownFileType = folder; name = UpgradeFeature; path = Packages/Features/UpgradeFeature; sourceTree = SOURCE_ROOT; };
		AA1600000000000000000001 /* WorkspaceStoreTests.swift */ = {isa = PBXFileReference; lastKnownFileType = sourcecode.swift; path = WorkspaceStoreTests.swift; sourceTree = "<group>"; };
/* End PBXFileReference section */

/* Begin PBXFrameworksBuildPhase section */
		3FB7475662E365D32EBA816A /* Frameworks */ = {
			isa = PBXFrameworksBuildPhase;
			buildActionMask = 2147483647;
			files = (
				E4CA3336D14BEDAD482E7270 /* ColombaNetworking in Frameworks */,
				F9DD3114D0FC6D27B90FA45D /* ColombaBilling in Frameworks */,
				012EE94B2AFBBD21B28D7B8B /* PhoneNumberKit in Frameworks */,
			);
			runOnlyForDeploymentPostprocessing = 0;
		};
		6C88787B52586CB2A77E907E /* Frameworks */ = {
			isa = PBXFrameworksBuildPhase;
			buildActionMask = 2147483647;
			files = (
				25A1179932F366547B55693F /* ColombaCore in Frameworks */,
				0BB5D6B7640596C1CDB85941 /* ColombaDesign in Frameworks */,
				7E0790D6FFA5C7EB9E2B17E8 /* ColombaAuth in Frameworks */,
				596BB3E32D94EFB3FD72DA25 /* ColombaNetworking in Frameworks */,
				1141D2EF9FA7571A54A4D7DB /* ColombaBilling in Frameworks */,
				BD07D5DE38064365D51B809E /* PhoneNumberKit in Frameworks */,
				AA0000000000000000000007 /* GoogleSignIn in Frameworks */,
			);
			runOnlyForDeploymentPostprocessing = 0;
		};
/* End PBXFrameworksBuildPhase section */

/* Begin PBXGroup section */
		0419F739A5C92B196C01077B /* Features */ = {
			isa = PBXGroup;
			children = (
				7B58B026C802030DC3D1EC36 /* Billing */,
				470775B0C271BB7959A3FD30 /* Heidi */,
				AE794112E4802759EBE8C4F2 /* Onboarding */,
				A564760984AE5064F88C3FDA /* Paywall */,
				0B40AD3C63D7E4C36153F9C6 /* PhoneVerify */,
				DB223A3D7432A63E27944748 /* Plans */,
				EAFF493B086F114EC547EE5B /* Reservation */,
				7420E9359F0DFBEC530C2EB8 /* Settings */,
				77B7563E925F01D39B4D9268 /* Usage */,
			);
			path = Features;
			sourceTree = "<group>";
		};
		0B40AD3C63D7E4C36153F9C6 /* PhoneVerify */ = {
			isa = PBXGroup;
			children = (
				D725E1A5B7BFADB903F96EAB /* OTPInputView.swift */,
				E7611BB92F14FAB53ED5EAA6 /* PhoneVerifyView.swift */,
				3A348C7A72860162F5A05B9B /* PhoneVerifyViewModel.swift */,
			);
			path = PhoneVerify;
			sourceTree = "<group>";
		};
		1E7A3D7DE10C49A2C3F70C57 /* Packages */ = {
			isa = PBXGroup;
			children = (
				BD754C973B08B692898892D4 /* AccountFeature */,
				B5D7E8D21CCB32E5A56AF62E /* ColombaAuth */,
				A03077D975A760D40153AFBD /* ColombaBilling */,
				2CBC739524FCF2C0C5B12CDF /* ColombaCore */,
				59F0575575B4E2F2814BED85 /* ColombaDesign */,
				7FE5959A2DF501C3992E988C /* ColombaNetworking */,
				875FCDDD70BEAE3884A1A600 /* InvoicesFeature */,
				09B0A5ADCC319D8C0432462A /* PlanFeature */,
				4505C990521429802543EFD6 /* ScheduledChangeFeature */,
				E35D74F4BDD745EE0111A7F2 /* TopUpFeature */,
				FEB554A480235ADEAB707618 /* UpgradeFeature */,
				61A54F10E39CEA3D4F26B833 /* UsageFeature */,
			);
			path = Packages;
			sourceTree = "<group>";
		};
		31BE804F6776F9F5FB7E64B0 /* Products */ = {
			isa = PBXGroup;
			children = (
				130E0989CAB8544F2CF00003 /* ColombaCustomer.app */,
				7DF110F29C4067159262A9CA /* ColombaCustomerTests.xctest */,
			);
			name = Products;
			sourceTree = "<group>";
		};
		470775B0C271BB7959A3FD30 /* Heidi */ = {
			isa = PBXGroup;
			children = (
				FB666C951B517966380ACFD3 /* HeidiChatView.swift */,
				64739038397B3AFF9C3F9A08 /* HeidiChatViewModel.swift */,
				4BB31D577544E15E6B8BD2E1 /* Components */,
			);
			path = Heidi;
			sourceTree = "<group>";
		};
		4BB31D577544E15E6B8BD2E1 /* Components */ = {
			isa = PBXGroup;
			children = (
				489B8E042FF750D2EC23914E /* BookingConfirmationCard.swift */,
				E9336AFB5D43606D0EFEE396 /* ChatInputBar.swift */,
				790E47F1CEF1F61A299189AA /* MessageBubble.swift */,
				2215D211ED24BA700C91820F /* RestaurantCardInChat.swift */,
			);
			path = Components;
			sourceTree = "<group>";
		};
		56E3937F629EE19DAED1F422 /* Resources */ = {
			isa = PBXGroup;
			children = (
				A06D38D85B360BAE9354B105 /* Localizable.strings */,
				1F20CB1D0A3A3A7953293DB0 /* Profile.strings */,
			);
			path = Resources;
			sourceTree = "<group>";
		};
		6B637243516121F066FD8475 /* Views */ = {
			isa = PBXGroup;
			children = (
				59F12A3E12067212E60B5A8B /* LanguagePickerView.swift */,
				9AD557EB2D06F6EACB96F73E /* NotificationsOptInView.swift */,
				F7118839EED2490DD552C3A4 /* OnboardingContainerView.swift */,
				5375F2AA7B3CFDE561CF573A /* OnboardingCopy.swift */,
				E4393AAF93ED78B9E3E97E9F /* WelcomeView.swift */,
			);
			path = Views;
			sourceTree = "<group>";
		};
		6EEAB8DAC0B5AC1FF08D8C68 /* ColombaCustomerTests */ = {
			isa = PBXGroup;
			children = (
				AA0000000000000000000003 /* GoogleIntegrationTests.swift */,
				5A1E850D29C95A2608B27B12 /* HeidiChatViewModelTests.swift */,
				6782E7FA643C38F23D6B009D /* L10nKeysTests.swift */,
				E67529021DC8EF3E1045CAA0 /* MyReservationsViewModelTests.swift */,
				654B0FDE5DE0EECC86BB4D5E /* ProfileEditViewModelTests.swift */,
				67CD85AAD7336C8A837A25CD /* ReservationServiceTests.swift */,
				43342F23DEA2C4DB6C90A3C8 /* ReservationViewModelTests.swift */,
				AA1600000000000000000001 /* WorkspaceStoreTests.swift */,
			);
			path = ColombaCustomerTests;
			sourceTree = "<group>";
		};
		7420E9359F0DFBEC530C2EB8 /* Settings */ = {
			isa = PBXGroup;
			children = (
				3EF5A27AAF4F72FCBEB6813C /* SettingsView.swift */,
				C42EAC4449E790A102A09571 /* Components */,
			);
			path = Settings;
			sourceTree = "<group>";
		};
		77B7563E925F01D39B4D9268 /* Usage */ = {
			isa = PBXGroup;
			children = (
				F85991E6CD00298AB0B7C0E7 /* UsageCache.swift */,
				640D1F885514AA42F5FAF3E1 /* UsageView.swift */,
				519F02BBB3F8CA4DBEA53B6D /* UsageViewModel.swift */,
			);
			path = Usage;
			sourceTree = "<group>";
		};
		7B58B026C802030DC3D1EC36 /* Billing */ = {
			isa = PBXGroup;
			children = (
				7658B7507DB883CB2C3F0550 /* PortalSessionService.swift */,
				1C10C1A05B15F533667B384C /* StripePortalCoordinator.swift */,
			);
			path = Billing;
			sourceTree = "<group>";
		};
		A564760984AE5064F88C3FDA /* Paywall */ = {
			isa = PBXGroup;
			children = (
				3F08485124F3F7569FFE7B98 /* PaywallStateMachine.swift */,
				51A308E03ACA3993B0FD4297 /* PaywallView.swift */,
				C25819DE27A8B0345505253B /* PaywallViewModel.swift */,
			);
			path = Paywall;
			sourceTree = "<group>";
		};
		AE794112E4802759EBE8C4F2 /* Onboarding */ = {
			isa = PBXGroup;
			children = (
				30F9E37749AB067AA99018B4 /* AppLanguage.swift */,
				567F1B3C05822DC1FF6F681E /* OnboardingStep.swift */,
				C7CEDC3B58608C93A1799D9E /* OnboardingViewModel.swift */,
				6B637243516121F066FD8475 /* Views */,
			);
			path = Onboarding;
			sourceTree = "<group>";
		};
		BEB9E84B52011E05007E31B9 = {
			isa = PBXGroup;
			children = (
				F8DDE62B3C6A62A24F141186 /* ColombaCustomer */,
				6EEAB8DAC0B5AC1FF08D8C68 /* ColombaCustomerTests */,
				1E7A3D7DE10C49A2C3F70C57 /* Packages */,
				CED06B04649BDE505214C8D1 /* Tests */,
				31BE804F6776F9F5FB7E64B0 /* Products */,
			);
			sourceTree = "<group>";
		};
		C1749F2CFF8B73597848A6A6 /* Services */ = {
			isa = PBXGroup;
			children = (
				AA0000000000000000000001 /* GoogleIntegrationServices.swift */,
				E7152A267D990B8F6E00E16F /* HeidiService.swift */,
				E008248AFDEAC2681F875CAC /* HeidiServiceProtocol.swift */,
				90B75FD265B78B4AD709F8FD /* HTTPReservationClient.swift */,
				D2AEB4360FF51E9122D7262B /* MockReservationClient.swift */,
				2810FBAE4D10652F3CEF39F1 /* ReservationService.swift */,
				D9097DC799895321F8586741 /* ReservationServiceProtocol.swift */,
				D4F3CF458951EB1974F38B9E /* SMSVerifyService.swift */,
				4E631D1EC11C5FE53AE4AC15 /* SMSVerifyServiceProtocol.swift */,
				09E1DEA4DA9188A6C4285764 /* TwilioSMSVerifyClient.swift */,
			);
			path = Services;
			sourceTree = "<group>";
		};
		C42EAC4449E790A102A09571 /* Components */ = {
			isa = PBXGroup;
			children = (
				3B390C1F276C1FF68703D680 /* UsageSummaryRow.swift */,
			);
			path = Components;
			sourceTree = "<group>";
		};
		CED06B04649BDE505214C8D1 /* Tests */ = {
			isa = PBXGroup;
			children = (
				52BF1097506CEE75C1F1855B /* OnboardingViewModelTests.swift */,
				0027DF6ACC24BE3A499F8001 /* PhoneVerifyViewModelTests.swift */,
				6917566F50ECFA4832D4C36A /* PlansSnapshotTests.swift */,
				7A0C6BDFDFE8C2C342F02AE5 /* PlansViewModelTests.swift */,
				FBA4B9AA4DA67D0344C60D05 /* PortalSessionServiceTests.swift */,
				E09F4E901666727709C945FD /* SMSVerifyServiceTests.swift */,
				30F30CFBB06472E4826E1ED9 /* UsageCacheTests.swift */,
				BB7A341412350F4E7C5AAD53 /* UsageViewModelTests.swift */,
			);
			name = Tests;
			path = ColombaCustomer/Tests;
			sourceTree = "<group>";
		};
		DB223A3D7432A63E27944748 /* Plans */ = {
			isa = PBXGroup;
			children = (
				612C47FD13E865716138DEA1 /* PlansDetailView.swift */,
				DBAFA86210D4DD668E37A24F /* PlansListView.swift */,
				96ED09A41FD3344CEECCD447 /* PlansRepository.swift */,
				E50959FBD9108A8E3CCF674B /* PlansViewModel.swift */,
			);
			path = Plans;
			sourceTree = "<group>";
		};
		EAFF493B086F114EC547EE5B /* Reservation */ = {
			isa = PBXGroup;
			children = (
				242C9FB6CAC53B1EC4284A84 /* MyReservationDetailView.swift */,
				FAB7D42ACD2E0C58B679FC23 /* MyReservationsView.swift */,
				8B28DA0BC40E755DEFF54CA7 /* MyReservationsViewModel.swift */,
				ABA1C0C5E65FC39EAF665605 /* ReservationConfirmView.swift */,
				27830F05946E3A6E0EC8F351 /* ReservationFormView.swift */,
				69D9E44525A8A9D4C502D2BC /* ReservationViewModel.swift */,
				2B3A82583B968FE75652993F /* RestaurantDetailView.swift */,
				CAAE65D452BA9FD5EB85CA65 /* RestaurantListView.swift */,
			);
			path = Reservation;
			sourceTree = "<group>";
		};
		F8DDE62B3C6A62A24F141186 /* ColombaCustomer */ = {
			isa = PBXGroup;
			children = (
				6261245D60A8DCFB9C16774E /* AppRouter.swift */,
				B2BD4ED171816B1EE6A89B09 /* Assets.xcassets */,
				EFD0CA16AC3A7BE5397AFA97 /* AuthenticatedHomeView.swift */,
				DCD6452571FC87236B0BE272 /* AuthGateView.swift */,
				266C69860D471188D23A0775 /* AuthRootHost.swift */,
				07AEB8CB3AF60AA3F1410ECE /* ColombaCustomer.entitlements */,
				CF5C1FBE5E43CF0CE4962F03 /* ColombaCustomerApp.swift */,
				3A11F03EF2B262C7CFF81565 /* Info.plist */,
				5F41396385C9E8A96C83C8CB /* PrivacyInfo.xcprivacy */,
				159C8B476F0E58A50B5CE76E /* RootView.swift */,
				EFC833D199608357885074F1 /* SignedOutAuthView.swift */,
				0419F739A5C92B196C01077B /* Features */,
				56E3937F629EE19DAED1F422 /* Resources */,
				C1749F2CFF8B73597848A6A6 /* Services */,
			);
			path = ColombaCustomer;
			sourceTree = "<group>";
		};
/* End PBXGroup section */

/* Begin PBXNativeTarget section */
		6373F55DBFC7462BC39D4731 /* ColombaCustomerTests */ = {
			isa = PBXNativeTarget;
			buildConfigurationList = 342065C4DDB6E162260F6776 /* Build configuration list for PBXNativeTarget "ColombaCustomerTests" */;
			buildPhases = (
				8E1683D07FE48C6133A5FFB7 /* Sources */,
				3FB7475662E365D32EBA816A /* Frameworks */,
			);
			buildRules = (
			);
			dependencies = (
				FDD26479BA426DA2FD4C6E94 /* PBXTargetDependency */,
			);
			name = ColombaCustomerTests;
			packageProductDependencies = (
				74B77B1C81F3748A3C371D25 /* ColombaNetworking */,
				D4D0F5D6BC5827A6ED7A31BA /* ColombaBilling */,
				8542197AFEB53E4A4E7831F4 /* PhoneNumberKit */,
			);
			productName = ColombaCustomerTests;
			productReference = 7DF110F29C4067159262A9CA /* ColombaCustomerTests.xctest */;
			productType = "com.apple.product-type.bundle.unit-test";
		};
		CF782245BD982363A47A68C3 /* ColombaCustomer */ = {
			isa = PBXNativeTarget;
			buildConfigurationList = A47DD498AB7B5A1E106565D8 /* Build configuration list for PBXNativeTarget "ColombaCustomer" */;
			buildPhases = (
				8EF7AD640D293198F6463FFC /* Sources */,
				3AC3186FC7BFA4E566F01AEB /* Resources */,
				6C88787B52586CB2A77E907E /* Frameworks */,
			);
			buildRules = (
			);
			dependencies = (
			);
			name = ColombaCustomer;
			packageProductDependencies = (
				B768EBF2BC474A93E9CDE877 /* ColombaCore */,
				37CC4DF457DDB92F64295051 /* ColombaDesign */,
				015730E5242C31325C0EC6F2 /* ColombaAuth */,
				6765EBBDF7953544D2ACD496 /* ColombaNetworking */,
				89D8608146065A8BF5DFC08A /* ColombaBilling */,
				F0E15FB09FC1C1C017AD9CBA /* PhoneNumberKit */,
				AA0000000000000000000006 /* GoogleSignIn */,
			);
			productName = ColombaCustomer;
			productReference = 130E0989CAB8544F2CF00003 /* ColombaCustomer.app */;
			productType = "com.apple.product-type.application";
		};
/* End PBXNativeTarget section */

/* Begin PBXProject section */
		F0B94A94FCB6240A663663A3 /* Project object */ = {
			isa = PBXProject;
			attributes = {
				BuildIndependentTargetsInParallel = YES;
				LastUpgradeCheck = 1430;
				TargetAttributes = {
				};
			};
			buildConfigurationList = BB1EFBC4DC358F9CFC534AEB /* Build configuration list for PBXProject "ColombaCustomer" */;
			developmentRegion = en;
			hasScannedForEncodings = 0;
			knownRegions = (
				Base,
				"de-CH",
				en,
				"fr-CH",
				"it-CH",
			);
			mainGroup = BEB9E84B52011E05007E31B9;
			minimizedProjectReferenceProxies = 1;
			packageReferences = (
				64C119E22417FEAC9562E583 /* XCRemoteSwiftPackageReference "PhoneNumberKit" */,
				AA0000000000000000000005 /* XCRemoteSwiftPackageReference "GoogleSignIn-iOS" */,
				76F353BB897CDE0D210962A3 /* XCLocalSwiftPackageReference "Packages/Features/AccountFeature" */,
				5ED18371A15EB383FB6AB8C4 /* XCLocalSwiftPackageReference "Packages/ColombaAuth" */,
				7821683CA2B30A770A5F940B /* XCLocalSwiftPackageReference "Packages/ColombaBilling" */,
				7CC450B77C46569BBF246102 /* XCLocalSwiftPackageReference "Packages/ColombaCore" */,
				258B2F121878E3675241F4BD /* XCLocalSwiftPackageReference "Packages/ColombaDesign" */,
				ED4513C685BED5E403560231 /* XCLocalSwiftPackageReference "Packages/ColombaNetworking" */,
				89AA0965153E9A31AA4EBED8 /* XCLocalSwiftPackageReference "Packages/Features/InvoicesFeature" */,
				F9A8F09248437D326FCD6817 /* XCLocalSwiftPackageReference "Packages/Features/PlanFeature" */,
				9002B883F11930426B959709 /* XCLocalSwiftPackageReference "Packages/Features/ScheduledChangeFeature" */,
				34F8263EFDA0C16D5BC0AB77 /* XCLocalSwiftPackageReference "Packages/Features/TopUpFeature" */,
				A0D886914C0C118D7112B299 /* XCLocalSwiftPackageReference "Packages/Features/UpgradeFeature" */,
				D4D979AAA24BE9D5B82A17C9 /* XCLocalSwiftPackageReference "Packages/Features/UsageFeature" */,
			);
			preferredProjectObjectVersion = 77;
			productRefGroup = 31BE804F6776F9F5FB7E64B0 /* Products */;
			projectDirPath = "";
			projectRoot = "";
			targets = (
				CF782245BD982363A47A68C3 /* ColombaCustomer */,
				6373F55DBFC7462BC39D4731 /* ColombaCustomerTests */,
			);
		};
/* End PBXProject section */

/* Begin PBXResourcesBuildPhase section */
		3AC3186FC7BFA4E566F01AEB /* Resources */ = {
			isa = PBXResourcesBuildPhase;
			buildActionMask = 2147483647;
			files = (
				E1E5071AEA7D7369691BE52A /* Assets.xcassets in Resources */,
				56197AB5EBAAA001BCE54159 /* Localizable.strings in Resources */,
				58CBB99D5B3AFF2F0DDCF173 /* PrivacyInfo.xcprivacy in Resources */,
				C88BEDCCB86C02AFA804BBB8 /* Profile.strings in Resources */,
			);
			runOnlyForDeploymentPostprocessing = 0;
		};
/* End PBXResourcesBuildPhase section */

/* Begin PBXSourcesBuildPhase section */
		8E1683D07FE48C6133A5FFB7 /* Sources */ = {
			isa = PBXSourcesBuildPhase;
			buildActionMask = 2147483647;
			files = (
				AA0000000000000000000004 /* GoogleIntegrationTests.swift in Sources */,
				FEF90F5F065A4F2162A728AA /* HeidiChatViewModelTests.swift in Sources */,
				779D03D2AF6281A113850B3E /* L10nKeysTests.swift in Sources */,
				F0067856EC0B04AE1D1D9F2E /* MyReservationsViewModelTests.swift in Sources */,
				3B2F4848F39D5C32F51DD3B0 /* OnboardingViewModelTests.swift in Sources */,
				8309229D5383B05AB7132503 /* PhoneVerifyViewModelTests.swift in Sources */,
				0B0C5B29C0F6109AC85CF10E /* PlansSnapshotTests.swift in Sources */,
				CAFBC43F3525DABFB1786F8A /* PlansViewModelTests.swift in Sources */,
				8710BAEABE6A2B19DD772432 /* PortalSessionServiceTests.swift in Sources */,
				B9AFFE57C21FB35FED3E7369 /* ProfileEditViewModelTests.swift in Sources */,
				0F7C18E31AA127D58C5FF763 /* ReservationServiceTests.swift in Sources */,
				A9187E85E8D761689958E0EB /* ReservationViewModelTests.swift in Sources */,
				F30717457C7532B0DB890D8F /* SMSVerifyServiceTests.swift in Sources */,
				AE972C7C744AFE9082AD66B5 /* UsageCacheTests.swift in Sources */,
				B9FFC3EA638B97A3823F8D0E /* UsageViewModelTests.swift in Sources */,
				AA1600000000000000000002 /* WorkspaceStoreTests.swift in Sources */,
			);
			runOnlyForDeploymentPostprocessing = 0;
		};
		8EF7AD640D293198F6463FFC /* Sources */ = {
			isa = PBXSourcesBuildPhase;
			buildActionMask = 2147483647;
			files = (
				D6787A5481A31BF135AAC020 /* AppLanguage.swift in Sources */,
				0D6C75287EBFCBE50C9E4737 /* AppRouter.swift in Sources */,
				3CD07E4046AE1DFCE250C957 /* AuthGateView.swift in Sources */,
				B6F86DD1FB28FFEDA5E6CF73 /* AuthRootHost.swift in Sources */,
				64061884188F665F901F07E2 /* AuthenticatedHomeView.swift in Sources */,
				954BA11475379FE1323642A4 /* BookingConfirmationCard.swift in Sources */,
				46B04B556AE3C67EE092C630 /* ChatInputBar.swift in Sources */,
				3EB460CEB1FD73DEDFFC4361 /* ColombaCustomerApp.swift in Sources */,
				AA0000000000000000000002 /* GoogleIntegrationServices.swift in Sources */,
				38B4AFA2276DFEA2F80B2171 /* HTTPReservationClient.swift in Sources */,
				24BA40E9F52BBBA6BFD637AC /* HeidiChatView.swift in Sources */,
				C41F60C860CF1FBFF5A6068B /* HeidiChatViewModel.swift in Sources */,
				931A14351A4AA2C9424D48A2 /* HeidiService.swift in Sources */,
				BACA62F836BA72A38BE40BCD /* HeidiServiceProtocol.swift in Sources */,
				6DE43FFA15CE4ECF7372501E /* LanguagePickerView.swift in Sources */,
				271C8E03A8A50D5768614950 /* MessageBubble.swift in Sources */,
				E6BB5F5AC84B11F0C4F1DB4D /* MockReservationClient.swift in Sources */,
				C273ECD880E060F8EC505EF5 /* MyReservationDetailView.swift in Sources */,
				F26308C05CE9D72FF945A794 /* MyReservationsView.swift in Sources */,
				F3313BC579B71A9EE06D2219 /* MyReservationsViewModel.swift in Sources */,
				2F9765F69A199CCFCAF08764 /* NotificationsOptInView.swift in Sources */,
				E554736D7287D8ABE09A4BF8 /* OTPInputView.swift in Sources */,
				48FE7058FF9CA076E315875E /* OnboardingContainerView.swift in Sources */,
				3A1E200D6224B03D16E0A286 /* OnboardingCopy.swift in Sources */,
				F11B0C531B12C071F068A3FA /* OnboardingStep.swift in Sources */,
				1A7E8E7798747B073B7BFCCC /* OnboardingViewModel.swift in Sources */,
				8A001ED13FAB46AFB24CACF8 /* PaywallStateMachine.swift in Sources */,
				16D493523C79473E67B361FC /* PaywallView.swift in Sources */,
				11E46E940B379448F1943666 /* PaywallViewModel.swift in Sources */,
				2BF843889C9A47463A3B62B4 /* PhoneVerifyView.swift in Sources */,
				F2F720ECCB601F1499169510 /* PhoneVerifyViewModel.swift in Sources */,
				E01E168056492D5A09213698 /* PlansDetailView.swift in Sources */,
				192234616D23A2A3D7CBF0F5 /* PlansListView.swift in Sources */,
				AE3859BB8246B74854C2452A /* PlansRepository.swift in Sources */,
				D994BE8A4F89233BDE9901CD /* PlansViewModel.swift in Sources */,
				4FBF548F4E18D1A041E021D3 /* PortalSessionService.swift in Sources */,
				513812B48225A70C354E88A8 /* ReservationConfirmView.swift in Sources */,
				2487BC440BA568B78379EC33 /* ReservationFormView.swift in Sources */,
				A40285D205A5266CA27C0D72 /* ReservationService.swift in Sources */,
				7070FA5F5719194BF195B1A8 /* ReservationServiceProtocol.swift in Sources */,
				6CB4FE8AAC1057B02DB50671 /* ReservationViewModel.swift in Sources */,
				2852144735FAAB6C1A78ED33 /* RestaurantCardInChat.swift in Sources */,
				9861CF9A9E7030B7CE2ACC12 /* RestaurantDetailView.swift in Sources */,
				B86248BF956AB23C60D7A279 /* RestaurantListView.swift in Sources */,
				3F7CC2FD2900A9DAF2349084 /* RootView.swift in Sources */,
				955C48E02C7F3EAB3EA0D56C /* SMSVerifyService.swift in Sources */,
				4C0ECAD0E9D24194C036D167 /* SMSVerifyServiceProtocol.swift in Sources */,
				C080E7312A110725AA56D5E7 /* SettingsView.swift in Sources */,
				5ABE53A5213CD86ED62103F9 /* SignedOutAuthView.swift in Sources */,
				A4BEF2B9265BF80A64B24DFA /* StripePortalCoordinator.swift in Sources */,
				5609700205D89092D3980FC0 /* TwilioSMSVerifyClient.swift in Sources */,
				21A0A98661B40EFEF8BD04A3 /* UsageCache.swift in Sources */,
				AC5BB2F5FE25E2EC7220EC82 /* UsageSummaryRow.swift in Sources */,
				A95B9BCA02D76A4E87483425 /* UsageView.swift in Sources */,
				9630E462FCD3A9FA913A67F7 /* UsageViewModel.swift in Sources */,
				CC97386D38F95A4723C7072E /* WelcomeView.swift in Sources */,
			);
			runOnlyForDeploymentPostprocessing = 0;
		};
/* End PBXSourcesBuildPhase section */

/* Begin PBXTargetDependency section */
		FDD26479BA426DA2FD4C6E94 /* PBXTargetDependency */ = {
			isa = PBXTargetDependency;
			target = CF782245BD982363A47A68C3 /* ColombaCustomer */;
			targetProxy = 53D40CAB97B7F7C3CD093C34 /* PBXContainerItemProxy */;
		};
/* End PBXTargetDependency section */

/* Begin PBXVariantGroup section */
		1F20CB1D0A3A3A7953293DB0 /* Profile.strings */ = {
			isa = PBXVariantGroup;
			children = (
				9336D512F92F1F031EBE181C /* de-CH */,
				AC98B8F5890A2B0B3EA105F3 /* en */,
				EE736676D915E7F4E9B11E79 /* fr-CH */,
				87B759BB613BA1BC22532DB1 /* it-CH */,
			);
			name = Profile.strings;
			sourceTree = "<group>";
		};
		A06D38D85B360BAE9354B105 /* Localizable.strings */ = {
			isa = PBXVariantGroup;
			children = (
				41B9A26F11A35B56D7F09E2A /* de-CH */,
				4DAFBA8CB9CB0B208A9DA85D /* en */,
				28842A549C503A33FE6901B8 /* fr-CH */,
				0686D2C343EF44037655077A /* it-CH */,
			);
			name = Localizable.strings;
			sourceTree = "<group>";
		};
/* End PBXVariantGroup section */

/* Begin XCBuildConfiguration section */
		17AAF23D7046E40F9D750E43 /* Debug */ = {
			isa = XCBuildConfiguration;
			buildSettings = {
				BUNDLE_LOADER = "$(TEST_HOST)";
				GENERATE_INFOPLIST_FILE = YES;
				LD_RUNPATH_SEARCH_PATHS = (
					"$(inherited)",
					"@executable_path/Frameworks",
					"@loader_path/Frameworks",
				);
				SDKROOT = iphoneos;
				TARGETED_DEVICE_FAMILY = "1,2";
				TEST_HOST = "$(BUILT_PRODUCTS_DIR)/ColombaCustomer.app/ColombaCustomer";
			};
			name = Debug;
		};
		5372D2582C9E0DC3287872ED /* Debug */ = {
			isa = XCBuildConfiguration;
			buildSettings = {
				ALWAYS_SEARCH_USER_PATHS = NO;
				CLANG_ANALYZER_NONNULL = YES;
				CLANG_ANALYZER_NUMBER_OBJECT_CONVERSION = YES_AGGRESSIVE;
				CLANG_CXX_LANGUAGE_STANDARD = "gnu++14";
				CLANG_CXX_LIBRARY = "libc++";
				CLANG_ENABLE_MODULES = YES;
				CLANG_ENABLE_OBJC_ARC = YES;
				CLANG_ENABLE_OBJC_WEAK = YES;
				CLANG_WARN_BLOCK_CAPTURE_AUTORELEASING = YES;
				CLANG_WARN_BOOL_CONVERSION = YES;
				CLANG_WARN_COMMA = YES;
				CLANG_WARN_CONSTANT_CONVERSION = YES;
				CLANG_WARN_DEPRECATED_OBJC_IMPLEMENTATIONS = YES;
				CLANG_WARN_DIRECT_OBJC_ISA_USAGE = YES_ERROR;
				CLANG_WARN_DOCUMENTATION_COMMENTS = YES;
				CLANG_WARN_EMPTY_BODY = YES;
				CLANG_WARN_ENUM_CONVERSION = YES;
				CLANG_WARN_INFINITE_RECURSION = YES;
				CLANG_WARN_INT_CONVERSION = YES;
				CLANG_WARN_NON_LITERAL_NULL_CONVERSION = YES;
				CLANG_WARN_OBJC_IMPLICIT_RETAIN_SELF = YES;
				CLANG_WARN_OBJC_LITERAL_CONVERSION = YES;
				CLANG_WARN_OBJC_ROOT_CLASS = YES_ERROR;
				CLANG_WARN_QUOTED_INCLUDE_IN_FRAMEWORK_HEADER = YES;
				CLANG_WARN_RANGE_LOOP_ANALYSIS = YES;
				CLANG_WARN_STRICT_PROTOTYPES = YES;
				CLANG_WARN_SUSPICIOUS_MOVE = YES;
				CLANG_WARN_UNGUARDED_AVAILABILITY = YES_AGGRESSIVE;
				CLANG_WARN_UNREACHABLE_CODE = YES;
				CLANG_WARN__DUPLICATE_METHOD_MATCH = YES;
				COPY_PHASE_STRIP = NO;
				DEBUG_INFORMATION_FORMAT = dwarf;
				ENABLE_STRICT_OBJC_MSGSEND = YES;
				ENABLE_TESTABILITY = YES;
				GCC_C_LANGUAGE_STANDARD = gnu11;
				GCC_DYNAMIC_NO_PIC = NO;
				GCC_NO_COMMON_BLOCKS = YES;
				GCC_OPTIMIZATION_LEVEL = 0;
				GCC_PREPROCESSOR_DEFINITIONS = (
					"$(inherited)",
					"DEBUG=1",
				);
				GCC_WARN_64_TO_32_BIT_CONVERSION = YES;
				GCC_WARN_ABOUT_RETURN_TYPE = YES_ERROR;
				GCC_WARN_UNDECLARED_SELECTOR = YES;
				GCC_WARN_UNINITIALIZED_AUTOS = YES_AGGRESSIVE;
				GCC_WARN_UNUSED_FUNCTION = YES;
				GCC_WARN_UNUSED_VARIABLE = YES;
				IPHONEOS_DEPLOYMENT_TARGET = 17.0;
				MTL_ENABLE_DEBUG_INFO = INCLUDE_SOURCE;
				MTL_FAST_MATH = YES;
				ONLY_ACTIVE_ARCH = YES;
				PRODUCT_NAME = "$(TARGET_NAME)";
				SDKROOT = iphoneos;
				SWIFT_ACTIVE_COMPILATION_CONDITIONS = DEBUG;
				SWIFT_OPTIMIZATION_LEVEL = "-Onone";
				SWIFT_VERSION = 5.10;
			};
			name = Debug;
		};
		B639531ACD4C000686425686 /* Release */ = {
			isa = XCBuildConfiguration;
			buildSettings = {
				ASSETCATALOG_COMPILER_APPICON_NAME = AppIcon;
				CODE_SIGN_ENTITLEMENTS = ColombaCustomer/ColombaCustomer.entitlements;
				CODE_SIGN_IDENTITY = "iPhone Developer";
				CURRENT_PROJECT_VERSION = 1;
				ENABLE_DEBUG_DYLIB = NO;
				ENABLE_PREVIEWS = NO;
				INFOPLIST_FILE = ColombaCustomer/Info.plist;
				IPHONEOS_DEPLOYMENT_TARGET = 17.0;
				LD_RUNPATH_SEARCH_PATHS = (
					"$(inherited)",
					"@executable_path/Frameworks",
				);
				MARKETING_VERSION = 1.0;
				PRODUCT_BUNDLE_IDENTIFIER = ch.colomba.customer;
				PRODUCT_NAME = ColombaCustomer;
				SDKROOT = iphoneos;
				TARGETED_DEVICE_FAMILY = "1,2";
			};
			name = Release;
		};
		D3336B9BC2778FB4F3E34366 /* Debug */ = {
			isa = XCBuildConfiguration;
			buildSettings = {
				ASSETCATALOG_COMPILER_APPICON_NAME = AppIcon;
				CODE_SIGN_ENTITLEMENTS = ColombaCustomer/ColombaCustomer.entitlements;
				CODE_SIGN_IDENTITY = "iPhone Developer";
				CURRENT_PROJECT_VERSION = 1;
				ENABLE_DEBUG_DYLIB = NO;
				ENABLE_PREVIEWS = NO;
				INFOPLIST_FILE = ColombaCustomer/Info.plist;
				IPHONEOS_DEPLOYMENT_TARGET = 17.0;
				LD_RUNPATH_SEARCH_PATHS = (
					"$(inherited)",
					"@executable_path/Frameworks",
				);
				MARKETING_VERSION = 1.0;
				PRODUCT_BUNDLE_IDENTIFIER = ch.colomba.customer;
				PRODUCT_NAME = ColombaCustomer;
				SDKROOT = iphoneos;
				TARGETED_DEVICE_FAMILY = "1,2";
			};
			name = Debug;
		};
		F7148DBDE02714709F24FA97 /* Release */ = {
			isa = XCBuildConfiguration;
			buildSettings = {
				ALWAYS_SEARCH_USER_PATHS = NO;
				CLANG_ANALYZER_NONNULL = YES;
				CLANG_ANALYZER_NUMBER_OBJECT_CONVERSION = YES_AGGRESSIVE;
				CLANG_CXX_LANGUAGE_STANDARD = "gnu++14";
				CLANG_CXX_LIBRARY = "libc++";
				CLANG_ENABLE_MODULES = YES;
				CLANG_ENABLE_OBJC_ARC = YES;
				CLANG_ENABLE_OBJC_WEAK = YES;
				CLANG_WARN_BLOCK_CAPTURE_AUTORELEASING = YES;
				CLANG_WARN_BOOL_CONVERSION = YES;
				CLANG_WARN_COMMA = YES;
				CLANG_WARN_CONSTANT_CONVERSION = YES;
				CLANG_WARN_DEPRECATED_OBJC_IMPLEMENTATIONS = YES;
				CLANG_WARN_DIRECT_OBJC_ISA_USAGE = YES_ERROR;
				CLANG_WARN_DOCUMENTATION_COMMENTS = YES;
				CLANG_WARN_EMPTY_BODY = YES;
				CLANG_WARN_ENUM_CONVERSION = YES;
				CLANG_WARN_INFINITE_RECURSION = YES;
				CLANG_WARN_INT_CONVERSION = YES;
				CLANG_WARN_NON_LITERAL_NULL_CONVERSION = YES;
				CLANG_WARN_OBJC_IMPLICIT_RETAIN_SELF = YES;
				CLANG_WARN_OBJC_LITERAL_CONVERSION = YES;
				CLANG_WARN_OBJC_ROOT_CLASS = YES_ERROR;
				CLANG_WARN_QUOTED_INCLUDE_IN_FRAMEWORK_HEADER = YES;
				CLANG_WARN_RANGE_LOOP_ANALYSIS = YES;
				CLANG_WARN_STRICT_PROTOTYPES = YES;
				CLANG_WARN_SUSPICIOUS_MOVE = YES;
				CLANG_WARN_UNGUARDED_AVAILABILITY = YES_AGGRESSIVE;
				CLANG_WARN_UNREACHABLE_CODE = YES;
				CLANG_WARN__DUPLICATE_METHOD_MATCH = YES;
				COPY_PHASE_STRIP = NO;
				DEBUG_INFORMATION_FORMAT = "dwarf-with-dsym";
				ENABLE_NS_ASSERTIONS = NO;
				ENABLE_STRICT_OBJC_MSGSEND = YES;
				GCC_C_LANGUAGE_STANDARD = gnu11;
				GCC_NO_COMMON_BLOCKS = YES;
				GCC_WARN_64_TO_32_BIT_CONVERSION = YES;
				GCC_WARN_ABOUT_RETURN_TYPE = YES_ERROR;
				GCC_WARN_UNDECLARED_SELECTOR = YES;
				GCC_WARN_UNINITIALIZED_AUTOS = YES_AGGRESSIVE;
				GCC_WARN_UNUSED_FUNCTION = YES;
				GCC_WARN_UNUSED_VARIABLE = YES;
				IPHONEOS_DEPLOYMENT_TARGET = 17.0;
				MTL_ENABLE_DEBUG_INFO = NO;
				MTL_FAST_MATH = YES;
				PRODUCT_NAME = "$(TARGET_NAME)";
				SDKROOT = iphoneos;
				SWIFT_COMPILATION_MODE = wholemodule;
				SWIFT_OPTIMIZATION_LEVEL = "-O";
				SWIFT_VERSION = 5.10;
			};
			name = Release;
		};
		FD601E910F1E7BBDEE5653AF /* Release */ = {
			isa = XCBuildConfiguration;
			buildSettings = {
				BUNDLE_LOADER = "$(TEST_HOST)";
				GENERATE_INFOPLIST_FILE = YES;
				LD_RUNPATH_SEARCH_PATHS = (
					"$(inherited)",
					"@executable_path/Frameworks",
					"@loader_path/Frameworks",
				);
				SDKROOT = iphoneos;
				TARGETED_DEVICE_FAMILY = "1,2";
				TEST_HOST = "$(BUILT_PRODUCTS_DIR)/ColombaCustomer.app/ColombaCustomer";
			};
			name = Release;
		};
/* End XCBuildConfiguration section */

/* Begin XCConfigurationList section */
		342065C4DDB6E162260F6776 /* Build configuration list for PBXNativeTarget "ColombaCustomerTests" */ = {
			isa = XCConfigurationList;
			buildConfigurations = (
				17AAF23D7046E40F9D750E43 /* Debug */,
				FD601E910F1E7BBDEE5653AF /* Release */,
			);
			defaultConfigurationIsVisible = 0;
			defaultConfigurationName = Debug;
		};
		A47DD498AB7B5A1E106565D8 /* Build configuration list for PBXNativeTarget "ColombaCustomer" */ = {
			isa = XCConfigurationList;
			buildConfigurations = (
				D3336B9BC2778FB4F3E34366 /* Debug */,
				B639531ACD4C000686425686 /* Release */,
			);
			defaultConfigurationIsVisible = 0;
			defaultConfigurationName = Debug;
		};
		BB1EFBC4DC358F9CFC534AEB /* Build configuration list for PBXProject "ColombaCustomer" */ = {
			isa = XCConfigurationList;
			buildConfigurations = (
				5372D2582C9E0DC3287872ED /* Debug */,
				F7148DBDE02714709F24FA97 /* Release */,
			);
			defaultConfigurationIsVisible = 0;
			defaultConfigurationName = Debug;
		};
/* End XCConfigurationList section */

/* Begin XCLocalSwiftPackageReference section */
		258B2F121878E3675241F4BD /* XCLocalSwiftPackageReference "Packages/ColombaDesign" */ = {
			isa = XCLocalSwiftPackageReference;
			relativePath = Packages/ColombaDesign;
		};
		34F8263EFDA0C16D5BC0AB77 /* XCLocalSwiftPackageReference "Packages/Features/TopUpFeature" */ = {
			isa = XCLocalSwiftPackageReference;
			relativePath = Packages/Features/TopUpFeature;
		};
		5ED18371A15EB383FB6AB8C4 /* XCLocalSwiftPackageReference "Packages/ColombaAuth" */ = {
			isa = XCLocalSwiftPackageReference;
			relativePath = Packages/ColombaAuth;
		};
		76F353BB897CDE0D210962A3 /* XCLocalSwiftPackageReference "Packages/Features/AccountFeature" */ = {
			isa = XCLocalSwiftPackageReference;
			relativePath = Packages/Features/AccountFeature;
		};
		7821683CA2B30A770A5F940B /* XCLocalSwiftPackageReference "Packages/ColombaBilling" */ = {
			isa = XCLocalSwiftPackageReference;
			relativePath = Packages/ColombaBilling;
		};
		7CC450B77C46569BBF246102 /* XCLocalSwiftPackageReference "Packages/ColombaCore" */ = {
			isa = XCLocalSwiftPackageReference;
			relativePath = Packages/ColombaCore;
		};
		89AA0965153E9A31AA4EBED8 /* XCLocalSwiftPackageReference "Packages/Features/InvoicesFeature" */ = {
			isa = XCLocalSwiftPackageReference;
			relativePath = Packages/Features/InvoicesFeature;
		};
		9002B883F11930426B959709 /* XCLocalSwiftPackageReference "Packages/Features/ScheduledChangeFeature" */ = {
			isa = XCLocalSwiftPackageReference;
			relativePath = Packages/Features/ScheduledChangeFeature;
		};
		A0D886914C0C118D7112B299 /* XCLocalSwiftPackageReference "Packages/Features/UpgradeFeature" */ = {
			isa = XCLocalSwiftPackageReference;
			relativePath = Packages/Features/UpgradeFeature;
		};
		D4D979AAA24BE9D5B82A17C9 /* XCLocalSwiftPackageReference "Packages/Features/UsageFeature" */ = {
			isa = XCLocalSwiftPackageReference;
			relativePath = Packages/Features/UsageFeature;
		};
		ED4513C685BED5E403560231 /* XCLocalSwiftPackageReference "Packages/ColombaNetworking" */ = {
			isa = XCLocalSwiftPackageReference;
			relativePath = Packages/ColombaNetworking;
		};
		F9A8F09248437D326FCD6817 /* XCLocalSwiftPackageReference "Packages/Features/PlanFeature" */ = {
			isa = XCLocalSwiftPackageReference;
			relativePath = Packages/Features/PlanFeature;
		};
/* End XCLocalSwiftPackageReference section */

/* Begin XCRemoteSwiftPackageReference section */
		AA0000000000000000000005 /* XCRemoteSwiftPackageReference "GoogleSignIn-iOS" */ = {
			isa = XCRemoteSwiftPackageReference;
			repositoryURL = "https://github.com/google/GoogleSignIn-iOS";
			requirement = {
				kind = upToNextMajorVersion;
				minimumVersion = 8.0.0;
			};
		};
		64C119E22417FEAC9562E583 /* XCRemoteSwiftPackageReference "PhoneNumberKit" */ = {
			isa = XCRemoteSwiftPackageReference;
			repositoryURL = "https://github.com/marmelroy/PhoneNumberKit.git";
			requirement = {
				kind = upToNextMajorVersion;
				minimumVersion = 4.0.0;
			};
		};
/* End XCRemoteSwiftPackageReference section */

/* Begin XCSwiftPackageProductDependency section */
		AA0000000000000000000006 /* GoogleSignIn */ = {
			isa = XCSwiftPackageProductDependency;
			package = AA0000000000000000000005 /* XCRemoteSwiftPackageReference "GoogleSignIn-iOS" */;
			productName = GoogleSignIn;
		};
		015730E5242C31325C0EC6F2 /* ColombaAuth */ = {
			isa = XCSwiftPackageProductDependency;
			productName = ColombaAuth;
		};
		37CC4DF457DDB92F64295051 /* ColombaDesign */ = {
			isa = XCSwiftPackageProductDependency;
			productName = ColombaDesign;
		};
		6765EBBDF7953544D2ACD496 /* ColombaNetworking */ = {
			isa = XCSwiftPackageProductDependency;
			productName = ColombaNetworking;
		};
		74B77B1C81F3748A3C371D25 /* ColombaNetworking */ = {
			isa = XCSwiftPackageProductDependency;
			productName = ColombaNetworking;
		};
		8542197AFEB53E4A4E7831F4 /* PhoneNumberKit */ = {
			isa = XCSwiftPackageProductDependency;
			package = 64C119E22417FEAC9562E583 /* XCRemoteSwiftPackageReference "PhoneNumberKit" */;
			productName = PhoneNumberKit;
		};
		89D8608146065A8BF5DFC08A /* ColombaBilling */ = {
			isa = XCSwiftPackageProductDependency;
			productName = ColombaBilling;
		};
		B768EBF2BC474A93E9CDE877 /* ColombaCore */ = {
			isa = XCSwiftPackageProductDependency;
			productName = ColombaCore;
		};
		D4D0F5D6BC5827A6ED7A31BA /* ColombaBilling */ = {
			isa = XCSwiftPackageProductDependency;
			productName = ColombaBilling;
		};
		F0E15FB09FC1C1C017AD9CBA /* PhoneNumberKit */ = {
			isa = XCSwiftPackageProductDependency;
			package = 64C119E22417FEAC9562E583 /* XCRemoteSwiftPackageReference "PhoneNumberKit" */;
			productName = PhoneNumberKit;
		};
/* End XCSwiftPackageProductDependency section */
	};
	rootObject = F0B94A94FCB6240A663663A3 /* Project object */;
}
